
Microsoft Visual Studio Solution File, Format Version 12.00
# Visual Studio Version 16
VisualStudioVersion = 16.0.30128.74
MinimumVisualStudioVersion = 10.0.40219.1
Project("{FAE04EC0-301F-11D3-BF4B-00C04F79EFBC}") = "Aeveco.Email.Service", "Aeveco.Email.Service\Aeveco.Email.Service.csproj", "{0D4F0CD6-070D-48D0-9DD8-75BC4FFF0B5D}"
EndProject
Project("{FAE04EC0-301F-11D3-BF4B-00C04F79EFBC}") = "Aeveco.Email.UnitTest", "Aeveco.Email.UnitTest\Aeveco.Email.UnitTest.csproj", "{5851E425-136F-4956-B3BD-2A2AF1E697D0}"
EndProject
Global
	GlobalSection(SolutionConfigurationPlatforms) = preSolution
		Debug|Any CPU = Debug|Any CPU
		Release|Any CPU = Release|Any CPU
	EndGlobalSection
	GlobalSection(ProjectConfigurationPlatforms) = postSolution
		{0D4F0CD6-070D-48D0-9DD8-75BC4FFF0B5D}.Debug|Any CPU.ActiveCfg = Debug|Any CPU
		{0D4F0CD6-070D-48D0-9DD8-75BC4FFF0B5D}.Debug|Any CPU.Build.0 = Debug|Any CPU
		{0D4F0CD6-070D-48D0-9DD8-75BC4FFF0B5D}.Release|Any CPU.ActiveCfg = Release|Any CPU
		{0D4F0CD6-070D-48D0-9DD8-75BC4FFF0B5D}.Release|Any CPU.Build.0 = Release|Any CPU
		{5851E425-136F-4956-B3BD-2A2AF1E697D0}.Debug|Any CPU.ActiveCfg = Debug|Any CPU
		{5851E425-136F-4956-B3BD-2A2AF1E697D0}.Debug|Any CPU.Build.0 = Debug|Any CPU
		{5851E425-136F-4956-B3BD-2A2AF1E697D0}.Release|Any CPU.ActiveCfg = Release|Any CPU
		{5851E425-136F-4956-B3BD-2A2AF1E697D0}.Release|Any CPU.Build.0 = Release|Any CPU
	EndGlobalSection
	GlobalSection(SolutionProperties) = preSolution
		HideSolutionNode = FALSE
	EndGlobalSection
	GlobalSection(ExtensibilityGlobals) = postSolution
		SolutionGuid = {8C1EA198-5B36-4306-814C-DDB1F74B3D58}
	EndGlobalSection
EndGlobal
